// !$*UTF8*$!
{
	archiveVersion = 1;
	classes = {
	};
	objectVersion = 50;
	objects = {

/* Begin PBXBuildFile section */
		1529397800CDD0798B3E496E /* Pods_VIPER_Demo_VIPER_DemoUITests.framework in Frameworks */ = {isa = PBXBuildFile; fileRef = 794F0F7C1F2425922A167CD0 /* Pods_VIPER_Demo_VIPER_DemoUITests.framework */; };
		468BA61925CEF1145F0E72B8 /* Pods_VIPER_Demo.framework in Frameworks */ = {isa = PBXBuildFile; fileRef = 809C7A2D1A246C8BD86803AC /* Pods_VIPER_Demo.framework */; };
		CF2EB3B92520E2E200464D1F /* AppDelegate.swift in Sources */ = {isa = PBXBuildFile; fileRef = CF2EB3B82520E2E200464D1F /* AppDelegate.swift */; };
		CF2EB3BB2520E2E200464D1F /* SceneDelegate.swift in Sources */ = {isa = PBXBuildFile; fileRef = CF2EB3BA2520E2E200464D1F /* SceneDelegate.swift */; };
		CF2EB3BD2520E2E200464D1F /* ViewController.swift in Sources */ = {isa = PBXBuildFile; fileRef = CF2EB3BC2520E2E200464D1F /* ViewController.swift */; };
		CF2EB3C02520E2E200464D1F /* Main.storyboard in Resources */ = {isa = PBXBuildFile; fileRef = CF2EB3BE2520E2E200464D1F /* Main.storyboard */; };
		CF2EB3C22520E2E400464D1F /* Assets.xcassets in Resources */ = {isa = PBXBuildFile; fileRef = CF2EB3C12520E2E400464D1F /* Assets.xcassets */; };
		CF2EB3C52520E2E400464D1F /* LaunchScreen.storyboard in Resources */ = {isa = PBXBuildFile; fileRef = CF2EB3C32520E2E400464D1F /* LaunchScreen.storyboard */; };
		CF2EB3D02520E2E400464D1F /* VIPER_DemoTests.swift in Sources */ = {isa = PBXBuildFile; fileRef = CF2EB3CF2520E2E400464D1F /* VIPER_DemoTests.swift */; };
		CF2EB3DB2520E2E400464D1F /* VIPER_DemoUITests.swift in Sources */ = {isa = PBXBuildFile; fileRef = CF2EB3DA2520E2E400464D1F /* VIPER_DemoUITests.swift */; };
		EBBDAFBB1A38439D047D9B43 /* Pods_VIPER_DemoTests.framework in Frameworks */ = {isa = PBXBuildFile; fileRef = EC9EDD29E3BD06C77F2C5D19 /* Pods_VIPER_DemoTests.framework */; };
/* End PBXBuildFile section */

/* Begin PBXContainerItemProxy section */
		CF2EB3CC2520E2E400464D1F /* PBXContainerItemProxy */ = {
			isa = PBXContainerItemProxy;
			containerPortal = CF2EB3AD2520E2E200464D1F /* Project object */;
			proxyType = 1;
			remoteGlobalIDString = CF2EB3B42520E2E200464D1F;
			remoteInfo = "VIPER-Demo";
		};
		CF2EB3D72520E2E400464D1F /* PBXContainerItemProxy */ = {
			isa = PBXContainerItemProxy;
			containerPortal = CF2EB3AD2520E2E200464D1F /* Project object */;
			proxyType = 1;
			remoteGlobalIDString = CF2EB3B42520E2E200464D1F;
			remoteInfo = "VIPER-Demo";
		};
/* End PBXContainerItemProxy section */

/* Begin PBXFileReference section */
		30F1ACE4D9B8724B6A558209 /* Pods-VIPER-Demo-VIPER-DemoUITests.debug.xcconfig */ = {isa = PBXFileReference; includeInIndex = 1; lastKnownFileType = text.xcconfig; name = "Pods-VIPER-Demo-VIPER-DemoUITests.debug.xcconfig"; path = "Target Support Files/Pods-VIPER-Demo-VIPER-DemoUITests/Pods-VIPER-Demo-VIPER-DemoUITests.debug.xcconfig"; sourceTree = "<group>"; };
		3F357F0D746B2C9D8C5C818E /* Pods-VIPER-Demo.debug.xcconfig */ = {isa = PBXFileReference; includeInIndex = 1; lastKnownFileType = text.xcconfig; name = "Pods-VIPER-Demo.debug.xcconfig"; path = "Target Support Files/Pods-VIPER-Demo/Pods-VIPER-Demo.debug.xcconfig"; sourceTree = "<group>"; };
		7295971D6DB06FA17FC42794 /* Pods-VIPER-DemoTests.debug.xcconfig */ = {isa = PBXFileReference; includeInIndex = 1; lastKnownFileType = text.xcconfig; name = "Pods-VIPER-DemoTests.debug.xcconfig"; path = "Target Support Files/Pods-VIPER-DemoTests/Pods-VIPER-DemoTests.debug.xcconfig"; sourceTree = "<group>"; };
		794F0F7C1F2425922A167CD0 /* Pods_VIPER_Demo_VIPER_DemoUITests.framework */ = {isa = PBXFileReference; explicitFileType = wrapper.framework; includeInIndex = 0; path = Pods_VIPER_Demo_VIPER_DemoUITests.framework; sourceTree = BUILT_PRODUCTS_DIR; };
		7F25F6834838D07915116BAD /* Pods-VIPER-Demo-VIPER-DemoUITests.release.xcconfig */ = {isa = PBXFileReference; includeInIndex = 1; lastKnownFileType = text.xcconfig; name = "Pods-VIPER-Demo-VIPER-DemoUITests.release.xcconfig"; path = "Target Support Files/Pods-VIPER-Demo-VIPER-DemoUITests/Pods-VIPER-Demo-VIPER-DemoUITests.release.xcconfig"; sourceTree = "<group>"; };
		809C7A2D1A246C8BD86803AC /* Pods_VIPER_Demo.framework */ = {isa = PBXFileReference; explicitFileType = wrapper.framework; includeInIndex = 0; path = Pods_VIPER_Demo.framework; sourceTree = BUILT_PRODUCTS_DIR; };
		A27940D7D1493937066F5BF0 /* Pods-VIPER-DemoTests.release.xcconfig */ = {isa = PBXFileReference; includeInIndex = 1; lastKnownFileType = text.xcconfig; name = "Pods-VIPER-DemoTests.release.xcconfig"; path = "Target Support Files/Pods-VIPER-DemoTests/Pods-VIPER-DemoTests.release.xcconfig"; sourceTree = "<group>"; };
		CF2EB3B52520E2E200464D1F /* VIPER-Demo.app */ = {isa = PBXFileReference; explicitFileType = wrapper.application; includeInIndex = 0; path = "VIPER-Demo.app"; sourceTree = BUILT_PRODUCTS_DIR; };
		CF2EB3B82520E2E200464D1F /* AppDelegate.swift */ = {isa = PBXFileReference; lastKnownFileType = sourcecode.swift; path = AppDelegate.swift; sourceTree = "<group>"; };
		CF2EB3BA2520E2E200464D1F /* SceneDelegate.swift */ = {isa = PBXFileReference; lastKnownFileType = sourcecode.swift; path = SceneDelegate.swift; sourceTree = "<group>"; };
		CF2EB3BC2520E2E200464D1F /* ViewController.swift */ = {isa = PBXFileReference; lastKnownFileType = sourcecode.swift; path = ViewController.swift; sourceTree = "<group>"; };
		CF2EB3BF2520E2E200464D1F /* Base */ = {isa = PBXFileReference; lastKnownFileType = file.storyboard; name = Base; path = Base.lproj/Main.storyboard; sourceTree = "<group>"; };
		CF2EB3C12520E2E400464D1F /* Assets.xcassets */ = {isa = PBXFileReference; lastKnownFileType = folder.assetcatalog; path = Assets.xcassets; sourceTree = "<group>"; };
		CF2EB3C42520E2E400464D1F /* Base */ = {isa = PBXFileReference; lastKnownFileType = file.storyboard; name = Base; path = Base.lproj/LaunchScreen.storyboard; sourceTree = "<group>"; };
		CF2EB3C62520E2E400464D1F /* Info.plist */ = {isa = PBXFileReference; lastKnownFileType = text.plist.xml; path = Info.plist; sourceTree = "<group>"; };
		CF2EB3CB2520E2E400464D1F /* VIPER-DemoTests.xctest */ = {isa = PBXFileReference; explicitFileType = wrapper.cfbundle; includeInIndex = 0; path = "VIPER-DemoTests.xctest"; sourceTree = BUILT_PRODUCTS_DIR; };
		CF2EB3CF2520E2E400464D1F /* VIPER_DemoTests.swift */ = {isa = PBXFileReference; lastKnownFileType = sourcecode.swift; path = VIPER_DemoTests.swift; sourceTree = "<group>"; };
		CF2EB3D12520E2E400464D1F /* Info.plist */ = {isa = PBXFileReference; lastKnownFileType = text.plist.xml; path = Info.plist; sourceTree = "<group>"; };
		CF2EB3D62520E2E400464D1F /* VIPER-DemoUITests.xctest */ = {isa = PBXFileReference; explicitFileType = wrapper.cfbundle; includeInIndex = 0; path = "VIPER-DemoUITests.xctest"; sourceTree = BUILT_PRODUCTS_DIR; };
		CF2EB3DA2520E2E400464D1F /* VIPER_DemoUITests.swift */ = {isa = PBXFileReference; lastKnownFileType = sourcecode.swift; path = VIPER_DemoUITests.swift; sourceTree = "<group>"; };
		CF2EB3DC2520E2E400464D1F /* Info.plist */ = {isa = PBXFileReference; lastKnownFileType = text.plist.xml; path = Info.plist; sourceTree = "<group>"; };
		E68E3B530B81768A518F703C /* Pods-VIPER-Demo.release.xcconfig */ = {isa = PBXFileReference; includeInIndex = 1; lastKnownFileType = text.xcconfig; name = "Pods-VIPER-Demo.release.xcconfig"; path = "Target Support Files/Pods-VIPER-Demo/Pods-VIPER-Demo.release.xcconfig"; sourceTree = "<group>"; };
		EC9EDD29E3BD06C77F2C5D19 /* Pods_VIPER_DemoTests.framework */ = {isa = PBXFileReference; explicitFileType = wrapper.framework; includeInIndex = 0; path = Pods_VIPER_DemoTests.framework; sourceTree = BUILT_PRODUCTS_DIR; };
/* End PBXFileReference section */

/* Begin PBXFrameworksBuildPhase section */
		CF2EB3B22520E2E200464D1F /* Frameworks */ = {
			isa = PBXFrameworksBuildPhase;
			buildActionMask = 2147483647;
			files = (
				468BA61925CEF1145F0E72B8 /* Pods_VIPER_Demo.framework in Frameworks */,
			);
			runOnlyForDeploymentPostprocessing = 0;
		};
		CF2EB3C82520E2E400464D1F /* Frameworks */ = {
			isa = PBXFrameworksBuildPhase;
			buildActionMask = 2147483647;
			files = (
				EBBDAFBB1A38439D047D9B43 /* Pods_VIPER_DemoTests.framework in Frameworks */,
			);
			runOnlyForDeploymentPostprocessing = 0;
		};
		CF2EB3D32520E2E400464D1F /* Frameworks */ = {
			isa = PBXFrameworksBuildPhase;
			buildActionMask = 2147483647;
			files = (
				1529397800CDD0798B3E496E /* Pods_VIPER_Demo_VIPER_DemoUITests.framework in Frameworks */,
			);
			runOnlyForDeploymentPostprocessing = 0;
		};
/* End PBXFrameworksBuildPhase section */

/* Begin PBXGroup section */
		AD8EE523447926B2237E4ED0 /* Frameworks */ = {
			isa = PBXGroup;
			children = (
				809C7A2D1A246C8BD86803AC /* Pods_VIPER_Demo.framework */,
				794F0F7C1F2425922A167CD0 /* Pods_VIPER_Demo_VIPER_DemoUITests.framework */,
				EC9EDD29E3BD06C77F2C5D19 /* Pods_VIPER_DemoTests.framework */,
			);
			name = Frameworks;
			sourceTree = "<group>";
		};
		B17AEFE14E18DD191154DF16 /* Pods */ = {
			isa = PBXGroup;
			children = (
				3F357F0D746B2C9D8C5C818E /* Pods-VIPER-Demo.debug.xcconfig */,
				E68E3B530B81768A518F703C /* Pods-VIPER-Demo.release.xcconfig */,
				30F1ACE4D9B8724B6A558209 /* Pods-VIPER-Demo-VIPER-DemoUITests.debug.xcconfig */,
				7F25F6834838D07915116BAD /* Pods-VIPER-Demo-VIPER-DemoUITests.release.xcconfig */,
				7295971D6DB06FA17FC42794 /* Pods-VIPER-DemoTests.debug.xcconfig */,
				A27940D7D1493937066F5BF0 /* Pods-VIPER-DemoTests.release.xcconfig */,
			);
			name = Pods;
			path = Pods;
			sourceTree = "<group>";
		};
		CF2EB3AC2520E2E200464D1F = {
			isa = PBXGroup;
			children = (
				CF2EB3B72520E2E200464D1F /* VIPER-Demo */,
				CF2EB3CE2520E2E400464D1F /* VIPER-DemoTests */,
				CF2EB3D92520E2E400464D1F /* VIPER-DemoUITests */,
				CF2EB3B62520E2E200464D1F /* Products */,
				B17AEFE14E18DD191154DF16 /* Pods */,
				AD8EE523447926B2237E4ED0 /* Frameworks */,
			);
			sourceTree = "<group>";
		};
		CF2EB3B62520E2E200464D1F /* Products */ = {
			isa = PBXGroup;
			children = (
				CF2EB3B52520E2E200464D1F /* VIPER-Demo.app */,
				CF2EB3CB2520E2E400464D1F /* VIPER-DemoTests.xctest */,
				CF2EB3D62520E2E400464D1F /* VIPER-DemoUITests.xctest */,
			);
			name = Products;
			sourceTree = "<group>";
		};
		CF2EB3B72520E2E200464D1F /* VIPER-Demo */ = {
			isa = PBXGroup;
			children = (
				CF2EB3B82520E2E200464D1F /* AppDelegate.swift */,
				CF2EB3BA2520E2E200464D1F /* SceneDelegate.swift */,
				CF2EB3BC2520E2E200464D1F /* ViewController.swift */,
				CF2EB3BE2520E2E200464D1F /* Main.storyboard */,
				CF2EB3C12520E2E400464D1F /* Assets.xcassets */,
				CF2EB3C32520E2E400464D1F /* LaunchScreen.storyboard */,
				CF2EB3C62520E2E400464D1F /* Info.plist */,
			);
			path = "VIPER-Demo";
			sourceTree = "<group>";
		};
		CF2EB3CE2520E2E400464D1F /* VIPER-DemoTests */ = {
			isa = PBXGroup;
			children = (
				CF2EB3CF2520E2E400464D1F /* VIPER_DemoTests.swift */,
				CF2EB3D12520E2E400464D1F /* Info.plist */,
			);
			path = "VIPER-DemoTests";
			sourceTree = "<group>";
		};
		CF2EB3D92520E2E400464D1F /* VIPER-DemoUITests */ = {
			isa = PBXGroup;
			children = (
				CF2EB3DA2520E2E400464D1F /* VIPER_DemoUITests.swift */,
				CF2EB3DC2520E2E400464D1F /* Info.plist */,
			);
			path = "VIPER-DemoUITests";
			sourceTree = "<group>";
		};
/* End PBXGroup section */

/* Begin PBXNativeTarget section */
		CF2EB3B42520E2E200464D1F /* VIPER-Demo */ = {
			isa = PBXNativeTarget;
			buildConfigurationList = CF2EB3DF2520E2E400464D1F /* Build configuration list for PBXNativeTarget "VIPER-Demo" */;
			buildPhases = (
				68D06578D6D7787583260D0F /* [CP] Check Pods Manifest.lock */,
				CF2EB3B12520E2E200464D1F /* Sources */,
				CF2EB3B22520E2E200464D1F /* Frameworks */,
				CF2EB3B32520E2E200464D1F /* Resources */,
				94F2390ED6880DC2A19C4463 /* [CP] Embed Pods Frameworks */,
			);
			buildRules = (
			);
			dependencies = (
			);
			name = "VIPER-Demo";
			productName = "VIPER-Demo";
			productReference = CF2EB3B52520E2E200464D1F /* VIPER-Demo.app */;
			productType = "com.apple.product-type.application";
		};
		CF2EB3CA2520E2E400464D1F /* VIPER-DemoTests */ = {
			isa = PBXNativeTarget;
			buildConfigurationList = CF2EB3E22520E2E400464D1F /* Build configuration list for PBXNativeTarget "VIPER-DemoTests" */;
			buildPhases = (
				B8D45D7F1D0308B186ADC9DD /* [CP] Check Pods Manifest.lock */,
				CF2EB3C72520E2E400464D1F /* Sources */,
				CF2EB3C82520E2E400464D1F /* Frameworks */,
				CF2EB3C92520E2E400464D1F /* Resources */,
			);
			buildRules = (
			);
			dependencies = (
				CF2EB3CD2520E2E400464D1F /* PBXTargetDependency */,
			);
			name = "VIPER-DemoTests";
			productName = "VIPER-DemoTests";
			productReference = CF2EB3CB2520E2E400464D1F /* VIPER-DemoTests.xctest */;
			productType = "com.apple.product-type.bundle.unit-test";
		};
		CF2EB3D52520E2E400464D1F /* VIPER-DemoUITests */ = {
			isa = PBXNativeTarget;
			buildConfigurationList = CF2EB3E52520E2E400464D1F /* Build configuration list for PBXNativeTarget "VIPER-DemoUITests" */;
			buildPhases = (
				4A04F757E69D7CE34F43EBF9 /* [CP] Check Pods Manifest.lock */,
				CF2EB3D22520E2E400464D1F /* Sources */,
				CF2EB3D32520E2E400464D1F /* Frameworks */,
				CF2EB3D42520E2E400464D1F /* Resources */,
				56732CDC705570D12B4D958A /* [CP] Embed Pods Frameworks */,
			);
			buildRules = (
			);
			dependencies = (
				CF2EB3D82520E2E400464D1F /* PBXTargetDependency */,
			);
			name = "VIPER-DemoUITests";
			productName = "VIPER-DemoUITests";
			productReference = CF2EB3D62520E2E400464D1F /* VIPER-DemoUITests.xctest */;
			productType = "com.apple.product-type.bundle.ui-testing";
		};
/* End PBXNativeTarget section */

/* Begin PBXProject section */
		CF2EB3AD2520E2E200464D1F /* Project object */ = {
			isa = PBXProject;
			attributes = {
				LastSwiftUpdateCheck = 1130;
				LastUpgradeCheck = 1130;
				ORGANIZATIONNAME = "Ramy Nasser";
				TargetAttributes = {
					CF2EB3B42520E2E200464D1F = {
						CreatedOnToolsVersion = 11.3;
					};
					CF2EB3CA2520E2E400464D1F = {
						CreatedOnToolsVersion = 11.3;
						TestTargetID = CF2EB3B42520E2E200464D1F;
					};
					CF2EB3D52520E2E400464D1F = {
						CreatedOnToolsVersion = 11.3;
						TestTargetID = CF2EB3B42520E2E200464D1F;
					};
				};
			};
			buildConfigurationList = CF2EB3B02520E2E200464D1F /* Build configuration list for PBXProject "VIPER-Demo" */;
			compatibilityVersion = "Xcode 9.3";
			developmentRegion = en;
			hasScannedForEncodings = 0;
			knownRegions = (
				en,
				Base,
			);
			mainGroup = CF2EB3AC2520E2E200464D1F;
			productRefGroup = CF2EB3B62520E2E200464D1F /* Products */;
			projectDirPath = "";
			projectRoot = "";
			targets = (
				CF2EB3B42520E2E200464D1F /* VIPER-Demo */,
				CF2EB3CA2520E2E400464D1F /* VIPER-DemoTests */,
				CF2EB3D52520E2E400464D1F /* VIPER-DemoUITests */,
			);
		};
/* End PBXProject section */

/* Begin PBXResourcesBuildPhase section */
		CF2EB3B32520E2E200464D1F /* Resources */ = {
			isa = PBXResourcesBuildPhase;
			buildActionMask = 2147483647;
			files = (
				CF2EB3C52520E2E400464D1F /* LaunchScreen.storyboard in Resources */,
				CF2EB3C22520E2E400464D1F /* Assets.xcassets in Resources */,
				CF2EB3C02520E2E200464D1F /* Main.storyboard in Resources */,
			);
			runOnlyForDeploymentPostprocessing = 0;
		};
		CF2EB3C92520E2E400464D1F /* Resources */ = {
			isa = PBXResourcesBuildPhase;
			buildActionMask = 2147483647;
			files = (
			);
			runOnlyForDeploymentPostprocessing = 0;
		};
		CF2EB3D42520E2E400464D1F /* Resources */ = {
			isa = PBXResourcesBuildPhase;
			buildActionMask = 2147483647;
			files = (
			);
			runOnlyForDeploymentPostprocessing = 0;
		};
/* End PBXResourcesBuildPhase section */

/* Begin PBXShellScriptBuildPhase section */
		4A04F757E69D7CE34F43EBF9 /* [CP] Check Pods Manifest.lock */ = {
			isa = PBXShellScriptBuildPhase;
			buildActionMask = 2147483647;
			files = (
			);
			inputFileListPaths = (
			);
			inputPaths = (
				"${PODS_PODFILE_DIR_PATH}/Podfile.lock",
				"${PODS_ROOT}/Manifest.lock",
			);
			name = "[CP] Check Pods Manifest.lock";
			outputFileListPaths = (
			);
			outputPaths = (
				"$(DERIVED_FILE_DIR)/Pods-VIPER-Demo-VIPER-DemoUITests-checkManifestLockResult.txt",
			);
			runOnlyForDeploymentPostprocessing = 0;
			shellPath = /bin/sh;
			shellScript = "diff \"${PODS_PODFILE_DIR_PATH}/Podfile.lock\" \"${PODS_ROOT}/Manifest.lock\" > /dev/null\nif [ $? != 0 ] ; then\n    # print error to STDERR\n    echo \"error: The sandbox is not in sync with the Podfile.lock. Run 'pod install' or update your CocoaPods installation.\" >&2\n    exit 1\nfi\n# This output is used by Xcode 'outputs' to avoid re-running this script phase.\necho \"SUCCESS\" > \"${SCRIPT_OUTPUT_FILE_0}\"\n";
			showEnvVarsInLog = 0;
		};
		56732CDC705570D12B4D958A /* [CP] Embed Pods Frameworks */ = {
			isa = PBXShellScriptBuildPhase;
			buildActionMask = 2147483647;
			files = (
			);
			inputFileListPaths = (
				"${PODS_ROOT}/Target Support Files/Pods-VIPER-Demo-VIPER-DemoUITests/Pods-VIPER-Demo-VIPER-DemoUITests-frameworks-${CONFIGURATION}-input-files.xcfilelist",
			);
			name = "[CP] Embed Pods Frameworks";
			outputFileListPaths = (
				"${PODS_ROOT}/Target Support Files/Pods-VIPER-Demo-VIPER-DemoUITests/Pods-VIPER-Demo-VIPER-DemoUITests-frameworks-${CONFIGURATION}-output-files.xcfilelist",
			);
			runOnlyForDeploymentPostprocessing = 0;
			shellPath = /bin/sh;
			shellScript = "\"${PODS_ROOT}/Target Support Files/Pods-VIPER-Demo-VIPER-DemoUITests/Pods-VIPER-Demo-VIPER-DemoUITests-frameworks.sh\"\n";
			showEnvVarsInLog = 0;
		};
		68D06578D6D7787583260D0F /* [CP] Check Pods Manifest.lock */ = {
			isa = PBXShellScriptBuildPhase;
			buildActionMask = 2147483647;
			files = (
			);
			inputFileListPaths = (
			);
			inputPaths = (
				"${PODS_PODFILE_DIR_PATH}/Podfile.lock",
				"${PODS_ROOT}/Manifest.lock",
			);
			name = "[CP] Check Pods Manifest.lock";
			outputFileListPaths = (
			);
			outputPaths = (
				"$(DERIVED_FILE_DIR)/Pods-VIPER-Demo-checkManifestLockResult.txt",
			);
			runOnlyForDeploymentPostprocessing = 0;
			shellPath = /bin/sh;
			shellScript = "diff \"${PODS_PODFILE_DIR_PATH}/Podfile.lock\" \"${PODS_ROOT}/Manifest.lock\" > /dev/null\nif [ $? != 0 ] ; then\n    # print error to STDERR\n    echo \"error: The sandbox is not in sync with the Podfile.lock. Run 'pod install' or update your CocoaPods installation.\" >&2\n    exit 1\nfi\n# This output is used by Xcode 'outputs' to avoid re-running this script phase.\necho \"SUCCESS\" > \"${SCRIPT_OUTPUT_FILE_0}\"\n";
			showEnvVarsInLog = 0;
		};
		94F2390ED6880DC2A19C4463 /* [CP] Embed Pods Frameworks */ = {
			isa = PBXShellScriptBuildPhase;
			buildActionMask = 2147483647;
			files = (
			);
			inputFileListPaths = (
				"${PODS_ROOT}/Target Support Files/Pods-VIPER-Demo/Pods-VIPER-Demo-frameworks-${CONFIGURATION}-input-files.xcfilelist",
			);
			name = "[CP] Embed Pods Frameworks";
			outputFileListPaths = (
				"${PODS_ROOT}/Target Support Files/Pods-VIPER-Demo/Pods-VIPER-Demo-frameworks-${CONFIGURATION}-output-files.xcfilelist",
			);
			runOnlyForDeploymentPostprocessing = 0;
			shellPath = /bin/sh;
			shellScript = "\"${PODS_ROOT}/Target Support Files/Pods-VIPER-Demo/Pods-VIPER-Demo-frameworks.sh\"\n";
			showEnvVarsInLog = 0;
		};
		B8D45D7F1D0308B186ADC9DD /* [CP] Check Pods Manifest.lock */ = {
			isa = PBXShellScriptBuildPhase;
			buildActionMask = 2147483647;
			files = (
			);
			inputFileListPaths = (
			);
			inputPaths = (
				"${PODS_PODFILE_DIR_PATH}/Podfile.lock",
				"${PODS_ROOT}/Manifest.lock",
			);
			name = "[CP] Check Pods Manifest.lock";
			outputFileListPaths = (
			);
			outputPaths = (
				"$(DERIVED_FILE_DIR)/Pods-VIPER-DemoTests-checkManifestLockResult.txt",
			);
			runOnlyForDeploymentPostprocessing = 0;
			shellPath = /bin/sh;
			shellScript = "diff \"${PODS_PODFILE_DIR_PATH}/Podfile.lock\" \"${PODS_ROOT}/Manifest.lock\" > /dev/null\nif [ $? != 0 ] ; then\n    # print error to STDERR\n    echo \"error: The sandbox is not in sync with the Podfile.lock. Run 'pod install' or update your CocoaPods installation.\" >&2\n    exit 1\nfi\n# This output is used by Xcode 'outputs' to avoid re-running this script phase.\necho \"SUCCESS\" > \"${SCRIPT_OUTPUT_FILE_0}\"\n";
			showEnvVarsInLog = 0;
		};
/* End PBXShellScriptBuildPhase section */

/* Begin PBXSourcesBuildPhase section */
		CF2EB3B12520E2E200464D1F /* Sources */ = {
			isa = PBXSourcesBuildPhase;
			buildActionMask = 2147483647;
			files = (
				CF2EB3BD2520E2E200464D1F /* ViewController.swift in Sources */,
				CF2EB3B92520E2E200464D1F /* AppDelegate.swift in Sources */,
				CF2EB3BB2520E2E200464D1F /* SceneDelegate.swift in Sources */,
			);
			runOnlyForDeploymentPostprocessing = 0;
		};
		CF2EB3C72520E2E400464D1F /* Sources */ = {
			isa = PBXSourcesBuildPhase;
			buildActionMask = 2147483647;
			files = (
				CF2EB3D02520E2E400464D1F /* VIPER_DemoTests.swift in Sources */,
			);
			runOnlyForDeploymentPostprocessing = 0;
		};
		CF2EB3D22520E2E400464D1F /* Sources */ = {
			isa = PBXSourcesBuildPhase;
			buildActionMask = 2147483647;
			files = (
				CF2EB3DB2520E2E400464D1F /* VIPER_DemoUITests.swift in Sources */,
			);
			runOnlyForDeploymentPostprocessing = 0;
		};
/* End PBXSourcesBuildPhase section */

/* Begin PBXTargetDependency section */
		CF2EB3CD2520E2E400464D1F /* PBXTargetDependency */ = {
			isa = PBXTargetDependency;
			target = CF2EB3B42520E2E200464D1F /* VIPER-Demo */;
			targetProxy = CF2EB3CC2520E2E400464D1F /* PBXContainerItemProxy */;
		};
		CF2EB3D82520E2E400464D1F /* PBXTargetDependency */ = {
			isa = PBXTargetDependency;
			target = CF2EB3B42520E2E200464D1F /* VIPER-Demo */;
			targetProxy = CF2EB3D72520E2E400464D1F /* PBXContainerItemProxy */;
		};
/* End PBXTargetDependency section */

/* Begin PBXVariantGroup section */
		CF2EB3BE2520E2E200464D1F /* Main.storyboard */ = {
			isa = PBXVariantGroup;
			children = (
				CF2EB3BF2520E2E200464D1F /* Base */,
			);
			name = Main.storyboard;
			sourceTree = "<group>";
		};
		CF2EB3C32520E2E400464D1F /* LaunchScreen.storyboard */ = {
			isa = PBXVariantGroup;
			children = (
				CF2EB3C42520E2E400464D1F /* Base */,
			);
			name = LaunchScreen.storyboard;
			sourceTree = "<group>";
		};
/* End PBXVariantGroup section */

/* Begin XCBuildConfiguration section */
		CF2EB3DD2520E2E400464D1F /* Debug */ = {
			isa = XCBuildConfiguration;
			buildSettings = {
				ALWAYS_SEARCH_USER_PATHS = NO;
				CLANG_ANALYZER_NONNULL = YES;
				CLANG_ANALYZER_NUMBER_OBJECT_CONVERSION = YES_AGGRESSIVE;
				CLANG_CXX_LANGUAGE_STANDARD = "gnu++14";
				CLANG_CXX_LIBRARY = "libc++";
				CLANG_ENABLE_MODULES = YES;
				CLANG_ENABLE_OBJC_ARC = YES;
				CLANG_ENABLE_OBJC_WEAK = YES;
				CLANG_WARN_BLOCK_CAPTURE_AUTORELEASING = YES;
				CLANG_WARN_BOOL_CONVERSION = YES;
				CLANG_WARN_COMMA = YES;
				CLANG_WARN_CONSTANT_CONVERSION = YES;
				CLANG_WARN_DEPRECATED_OBJC_IMPLEMENTATIONS = YES;
				CLANG_WARN_DIRECT_OBJC_ISA_USAGE = YES_ERROR;
				CLANG_WARN_DOCUMENTATION_COMMENTS = YES;
				CLANG_WARN_EMPTY_BODY = YES;
				CLANG_WARN_ENUM_CONVERSION = YES;
				CLANG_WARN_INFINITE_RECURSION = YES;
				CLANG_WARN_INT_CONVERSION = YES;
				CLANG_WARN_NON_LITERAL_NULL_CONVERSION = YES;
				CLANG_WARN_OBJC_IMPLICIT_RETAIN_SELF = YES;
				CLANG_WARN_OBJC_LITERAL_CONVERSION = YES;
				CLANG_WARN_OBJC_ROOT_CLASS = YES_ERROR;
				CLANG_WARN_RANGE_LOOP_ANALYSIS = YES;
				CLANG_WARN_STRICT_PROTOTYPES = YES;
				CLANG_WARN_SUSPICIOUS_MOVE = YES;
				CLANG_WARN_UNGUARDED_AVAILABILITY = YES_AGGRESSIVE;
				CLANG_WARN_UNREACHABLE_CODE = YES;
				CLANG_WARN__DUPLICATE_METHOD_MATCH = YES;
				COPY_PHASE_STRIP = NO;
				DEBUG_INFORMATION_FORMAT = dwarf;
				ENABLE_STRICT_OBJC_MSGSEND = YES;
				ENABLE_TESTABILITY = YES;
				GCC_C_LANGUAGE_STANDARD = gnu11;
				GCC_DYNAMIC_NO_PIC = NO;
				GCC_NO_COMMON_BLOCKS = YES;
				GCC_OPTIMIZATION_LEVEL = 0;
				GCC_PREPROCESSOR_DEFINITIONS = (
					"DEBUG=1",
					"$(inherited)",
				);
				GCC_WARN_64_TO_32_BIT_CONVERSION = YES;
				GCC_WARN_ABOUT_RETURN_TYPE = YES_ERROR;
				GCC_WARN_UNDECLARED_SELECTOR = YES;
				GCC_WARN_UNINITIALIZED_AUTOS = YES_AGGRESSIVE;
				GCC_WARN_UNUSED_FUNCTION = YES;
				GCC_WARN_UNUSED_VARIABLE = YES;
				IPHONEOS_DEPLOYMENT_TARGET = 13.2;
				MTL_ENABLE_DEBUG_INFO = INCLUDE_SOURCE;
				MTL_FAST_MATH = YES;
				ONLY_ACTIVE_ARCH = YES;
				SDKROOT = iphoneos;
				SWIFT_ACTIVE_COMPILATION_CONDITIONS = DEBUG;
				SWIFT_OPTIMIZATION_LEVEL = "-Onone";
			};
			name = Debug;
		};
		CF2EB3DE2520E2E400464D1F /* Release */ = {
			isa = XCBuildConfiguration;
			buildSettings = {
				ALWAYS_SEARCH_USER_PATHS = NO;
				CLANG_ANALYZER_NONNULL = YES;
				CLANG_ANALYZER_NUMBER_OBJECT_CONVERSION = YES_AGGRESSIVE;
				CLANG_CXX_LANGUAGE_STANDARD = "gnu++14";
				CLANG_CXX_LIBRARY = "libc++";
				CLANG_ENABLE_MODULES = YES;
				CLANG_ENABLE_OBJC_ARC = YES;
				CLANG_ENABLE_OBJC_WEAK = YES;
				CLANG_WARN_BLOCK_CAPTURE_AUTORELEASING = YES;
				CLANG_WARN_BOOL_CONVERSION = YES;
				CLANG_WARN_COMMA = YES;
				CLANG_WARN_CONSTANT_CONVERSION = YES;
				CLANG_WARN_DEPRECATED_OBJC_IMPLEMENTATIONS = YES;
				CLANG_WARN_DIRECT_OBJC_ISA_USAGE = YES_ERROR;
				CLANG_WARN_DOCUMENTATION_COMMENTS = YES;
				CLANG_WARN_EMPTY_BODY = YES;
				CLANG_WARN_ENUM_CONVERSION = YES;
				CLANG_WARN_INFINITE_RECURSION = YES;
				CLANG_WARN_INT_CONVERSION = YES;
				CLANG_WARN_NON_LITERAL_NULL_CONVERSION = YES;
				CLANG_WARN_OBJC_IMPLICIT_RETAIN_SELF = YES;
				CLANG_WARN_OBJC_LITERAL_CONVERSION = YES;
				CLANG_WARN_OBJC_ROOT_CLASS = YES_ERROR;
				CLANG_WARN_RANGE_LOOP_ANALYSIS = YES;
				CLANG_WARN_STRICT_PROTOTYPES = YES;
				CLANG_WARN_SUSPICIOUS_MOVE = YES;
				CLANG_WARN_UNGUARDED_AVAILABILITY = YES_AGGRESSIVE;
				CLANG_WARN_UNREACHABLE_CODE = YES;
				CLANG_WARN__DUPLICATE_METHOD_MATCH = YES;
				COPY_PHASE_STRIP = NO;
				DEBUG_INFORMATION_FORMAT = "dwarf-with-dsym";
				ENABLE_NS_ASSERTIONS = NO;
				ENABLE_STRICT_OBJC_MSGSEND = YES;
				GCC_C_LANGUAGE_STANDARD = gnu11;
				GCC_NO_COMMON_BLOCKS = YES;
				GCC_WARN_64_TO_32_BIT_CONVERSION = YES;
				GCC_WARN_ABOUT_RETURN_TYPE = YES_ERROR;
				GCC_WARN_UNDECLARED_SELECTOR = YES;
				GCC_WARN_UNINITIALIZED_AUTOS = YES_AGGRESSIVE;
				GCC_WARN_UNUSED_FUNCTION = YES;
				GCC_WARN_UNUSED_VARIABLE = YES;
				IPHONEOS_DEPLOYMENT_TARGET = 13.2;
				MTL_ENABLE_DEBUG_INFO = NO;
				MTL_FAST_MATH = YES;
				SDKROOT = iphoneos;
				SWIFT_COMPILATION_MODE = wholemodule;
				SWIFT_OPTIMIZATION_LEVEL = "-O";
				VALIDATE_PRODUCT = YES;
			};
			name = Release;
		};
		CF2EB3E02520E2E400464D1F /* Debug */ = {
			isa = XCBuildConfiguration;
			baseConfigurationReference = 3F357F0D746B2C9D8C5C818E /* Pods-VIPER-Demo.debug.xcconfig */;
			buildSettings = {
				ASSETCATALOG_COMPILER_APPICON_NAME = AppIcon;
				CODE_SIGN_STYLE = Automatic;
				INFOPLIST_FILE = "VIPER-Demo/Info.plist";
				LD_RUNPATH_SEARCH_PATHS = (
					"$(inherited)",
					"@executable_path/Frameworks",
				);
				PRODUCT_BUNDLE_IDENTIFIER = "com.Test.VIPER-Demo";
				PRODUCT_NAME = "$(TARGET_NAME)";
				SWIFT_VERSION = 5.0;
				TARGETED_DEVICE_FAMILY = "1,2";
			};
			name = Debug;
		};
		CF2EB3E12520E2E400464D1F /* Release */ = {
			isa = XCBuildConfiguration;
			baseConfigurationReference = E68E3B530B81768A518F703C /* Pods-VIPER-Demo.release.xcconfig */;
			buildSettings = {
				ASSETCATALOG_COMPILER_APPICON_NAME = AppIcon;
				CODE_SIGN_STYLE = Automatic;
				INFOPLIST_FILE = "VIPER-Demo/Info.plist";
				LD_RUNPATH_SEARCH_PATHS = (
					"$(inherited)",
					"@executable_path/Frameworks",
				);
				PRODUCT_BUNDLE_IDENTIFIER = "com.Test.VIPER-Demo";
				PRODUCT_NAME = "$(TARGET_NAME)";
				SWIFT_VERSION = 5.0;
				TARGETED_DEVICE_FAMILY = "1,2";
			};
			name = Release;
		};
		CF2EB3E32520E2E400464D1F /* Debug */ = {
			isa = XCBuildConfiguration;
			baseConfigurationReference = 7295971D6DB06FA17FC42794 /* Pods-VIPER-DemoTests.debug.xcconfig */;
			buildSettings = {
				ALWAYS_EMBED_SWIFT_STANDARD_LIBRARIES = YES;
				BUNDLE_LOADER = "$(TEST_HOST)";
				CODE_SIGN_STYLE = Automatic;
				INFOPLIST_FILE = "VIPER-DemoTests/Info.plist";
				IPHONEOS_DEPLOYMENT_TARGET = 13.2;
				LD_RUNPATH_SEARCH_PATHS = (
					"$(inherited)",
					"@executable_path/Frameworks",
					"@loader_path/Frameworks",
				);
				PRODUCT_BUNDLE_IDENTIFIER = "com.Test.VIPER-DemoTests";
				PRODUCT_NAME = "$(TARGET_NAME)";
				SWIFT_VERSION = 5.0;
				TARGETED_DEVICE_FAMILY = "1,2";
				TEST_HOST = "$(BUILT_PRODUCTS_DIR)/VIPER-Demo.app/VIPER-Demo";
			};
			name = Debug;
		};
		CF2EB3E42520E2E400464D1F /* Release */ = {
			isa = XCBuildConfiguration;
			baseConfigurationReference = A27940D7D1493937066F5BF0 /* Pods-VIPER-DemoTests.release.xcconfig */;
			buildSettings = {
				ALWAYS_EMBED_SWIFT_STANDARD_LIBRARIES = YES;
				BUNDLE_LOADER = "$(TEST_HOST)";
				CODE_SIGN_STYLE = Automatic;
				INFOPLIST_FILE = "VIPER-DemoTests/Info.plist";
				IPHONEOS_DEPLOYMENT_TARGET = 13.2;
				LD_RUNPATH_SEARCH_PATHS = (
					"$(inherited)",
					"@executable_path/Frameworks",
					"@loader_path/Frameworks",
				);
				PRODUCT_BUNDLE_IDENTIFIER = "com.Test.VIPER-DemoTests";
				PRODUCT_NAME = "$(TARGET_NAME)";
				SWIFT_VERSION = 5.0;
				TARGETED_DEVICE_FAMILY = "1,2";
				TEST_HOST = "$(BUILT_PRODUCTS_DIR)/VIPER-Demo.app/VIPER-Demo";
			};
			name = Release;
		};
		CF2EB3E62520E2E400464D1F /* Debug */ = {
			isa = XCBuildConfiguration;
			baseConfigurationReference = 30F1ACE4D9B8724B6A558209 /* Pods-VIPER-Demo-VIPER-DemoUITests.debug.xcconfig */;
			buildSettings = {
				ALWAYS_EMBED_SWIFT_STANDARD_LIBRARIES = YES;
				CODE_SIGN_STYLE = Automatic;
				INFOPLIST_FILE = "VIPER-DemoUITests/Info.plist";
				LD_RUNPATH_SEARCH_PATHS = (
					"$(inherited)",
					"@executable_path/Frameworks",
					"@loader_path/Frameworks",
				);
				PRODUCT_BUNDLE_IDENTIFIER = "com.Test.VIPER-DemoUITests";
				PRODUCT_NAME = "$(TARGET_NAME)";
				SWIFT_VERSION = 5.0;
				TARGETED_DEVICE_FAMILY = "1,2";
				TEST_TARGET_NAME = "VIPER-Demo";
			};
			name = Debug;
		};
		CF2EB3E72520E2E400464D1F /* Release */ = {
			isa = XCBuildConfiguration;
			baseConfigurationReference = 7F25F6834838D07915116BAD /* Pods-VIPER-Demo-VIPER-DemoUITests.release.xcconfig */;
			buildSettings = {
				ALWAYS_EMBED_SWIFT_STANDARD_LIBRARIES = YES;
				CODE_SIGN_STYLE = Automatic;
				INFOPLIST_FILE = "VIPER-DemoUITests/Info.plist";
				LD_RUNPATH_SEARCH_PATHS = (
					"$(inherited)",
					"@executable_path/Frameworks",
					"@loader_path/Frameworks",
				);
				PRODUCT_BUNDLE_IDENTIFIER = "com.Test.VIPER-DemoUITests";
				PRODUCT_NAME = "$(TARGET_NAME)";
				SWIFT_VERSION = 5.0;
				TARGETED_DEVICE_FAMILY = "1,2";
				TEST_TARGET_NAME = "VIPER-Demo";
			};
			name = Release;
		};
/* End XCBuildConfiguration section */

/* Begin XCConfigurationList section */
		CF2EB3B02520E2E200464D1F /* Build configuration list for PBXProject "VIPER-Demo" */ = {
			isa = XCConfigurationList;
			buildConfigurations = (
				CF2EB3DD2520E2E400464D1F /* Debug */,
				CF2EB3DE2520E2E400464D1F /* Release */,
			);
			defaultConfigurationIsVisible = 0;
			defaultConfigurationName = Release;
		};
		CF2EB3DF2520E2E400464D1F /* Build configuration list for PBXNativeTarget "VIPER-Demo" */ = {
			isa = XCConfigurationList;
			buildConfigurations = (
				CF2EB3E02520E2E400464D1F /* Debug */,
				CF2EB3E12520E2E400464D1F /* Release */,
			);
			defaultConfigurationIsVisible = 0;
			defaultConfigurationName = Release;
		};
		CF2EB3E22520E2E400464D1F /* Build configuration list for PBXNativeTarget "VIPER-DemoTests" */ = {
			isa = XCConfigurationList;
			buildConfigurations = (
				CF2EB3E32520E2E400464D1F /* Debug */,
				CF2EB3E42520E2E400464D1F /* Release */,
			);
			defaultConfigurationIsVisible = 0;
			defaultConfigurationName = Release;
		};
		CF2EB3E52520E2E400464D1F /* Build configuration list for PBXNativeTarget "VIPER-DemoUITests" */ = {
			isa = XCConfigurationList;
			buildConfigurations = (
				CF2EB3E62520E2E400464D1F /* Debug */,
				CF2EB3E72520E2E400464D1F /* Release */,
			);
			defaultConfigurationIsVisible = 0;
			defaultConfigurationName = Release;
		};
/* End XCConfigurationList section */
	};
	rootObject = CF2EB3AD2520E2E200464D1F /* Project object */;
}
